<?xml version="1.0" encoding="UTF-8" standalone="yes" ?>
<CodeBlocks_project_file>
	<FileVersion major="1" minor="6" />
	<Project>
		<Option title="dft2-filter" />
		<Option pch_mode="2" />
		<Option compiler="gcc" />
		<Build>
			<Target title="Debug">
				<Option output="bin/Debug/dft2-filter" prefix_auto="1" extension_auto="1" />
				<Option object_output="obj/Debug/" />
				<Option type="1" />
				<Option compiler="gcc" />
				<Compiler>
					<Add option="-g" />
				</Compiler>
			</Target>
			<Target title="Release">
				<Option output="bin/Release/dft2-filter" prefix_auto="1" extension_auto="1" />
				<Option object_output="obj/Release/" />
				<Option type="1" />
				<Option compiler="gcc" />
				<Compiler>
					<Add option="-O2" />
				</Compiler>
				<Linker>
					<Add option="-s" />
				</Linker>
			</Target>
		</Build>
		<Compiler>
			<Add option="-Wall" />
			<Add option="-std=c++14" />
			<Add option="-m64" />
			<Add option="-fexceptions" />
			<Add directory="/usr/include/root" />
		</Compiler>
		<Linker>
			<Add option="-m64" />
			<Add library="/usr/lib/x86_64-linux-gnu/root5.34/libASImage.so" />
			<Add library="/usr/lib/x86_64-linux-gnu/root5.34/libASImageGui.so" />
			<Add library="/usr/lib/x86_64-linux-gnu/root5.34/libBonjour.so" />
			<Add library="/usr/lib/x86_64-linux-gnu/root5.34/libCint.so" />
			<Add library="/usr/lib/x86_64-linux-gnu/root5.34/libCintex.so" />
			<Add library="/usr/lib/x86_64-linux-gnu/root5.34/libcomplexDict.so" />
			<Add library="/usr/lib/x86_64-linux-gnu/root5.34/libCore.so" />
			<Add library="/usr/lib/x86_64-linux-gnu/root5.34/libdequeDict.so" />
			<Add library="/usr/lib/x86_64-linux-gnu/root5.34/libEG.so" />
			<Add library="/usr/lib/x86_64-linux-gnu/root5.34/libEve.so" />
			<Add library="/usr/lib/x86_64-linux-gnu/root5.34/libFFTW.so" />
			<Add library="/usr/lib/x86_64-linux-gnu/root5.34/libFitPanel.so" />
			<Add library="/usr/lib/x86_64-linux-gnu/root5.34/libFoam.so" />
			<Add library="/usr/lib/x86_64-linux-gnu/root5.34/libFumili.so" />
			<Add library="/usr/lib/x86_64-linux-gnu/root5.34/libGdml.so" />
			<Add library="/usr/lib/x86_64-linux-gnu/root5.34/libGed.so" />
			<Add library="/usr/lib/x86_64-linux-gnu/root5.34/libGenVector.so" />
			<Add library="/usr/lib/x86_64-linux-gnu/root5.34/libGeom.so" />
			<Add library="/usr/lib/x86_64-linux-gnu/root5.34/libGeomBuilder.so" />
			<Add library="/usr/lib/x86_64-linux-gnu/root5.34/libGeomPainter.so" />
			<Add library="/usr/lib/x86_64-linux-gnu/root5.34/libGpad.so" />
			<Add library="/usr/lib/x86_64-linux-gnu/root5.34/libGQt.so" />
			<Add library="/usr/lib/x86_64-linux-gnu/root5.34/libGraf.so" />
			<Add library="/usr/lib/x86_64-linux-gnu/root5.34/libGraf3d.so" />
			<Add library="/usr/lib/x86_64-linux-gnu/root5.34/libGui.so" />
			<Add library="/usr/lib/x86_64-linux-gnu/root5.34/libGuiBld.so" />
			<Add library="/usr/lib/x86_64-linux-gnu/root5.34/libGuiHtml.so" />
			<Add library="/usr/lib/x86_64-linux-gnu/root5.34/libGX11.so" />
			<Add library="/usr/lib/x86_64-linux-gnu/root5.34/libGX11TTF.so" />
			<Add library="/usr/lib/x86_64-linux-gnu/root5.34/libHbook.so" />
			<Add library="/usr/lib/x86_64-linux-gnu/root5.34/libHist.so" />
			<Add library="/usr/lib/x86_64-linux-gnu/root5.34/libHistPainter.so" />
			<Add library="/usr/lib/x86_64-linux-gnu/root5.34/libHtml.so" />
			<Add library="/usr/lib/x86_64-linux-gnu/root5.34/libKrb5Auth.so" />
			<Add library="/usr/lib/x86_64-linux-gnu/root5.34/liblistDict.so" />
			<Add library="/usr/lib/x86_64-linux-gnu/root5.34/libmap2Dict.so" />
			<Add library="/usr/lib/x86_64-linux-gnu/root5.34/libmapDict.so" />
			<Add library="/usr/lib/x86_64-linux-gnu/root5.34/libMathCore.so" />
			<Add library="/usr/lib/x86_64-linux-gnu/root5.34/libMathMore.so" />
			<Add library="/usr/lib/x86_64-linux-gnu/root5.34/libMatrix.so" />
			<Add library="/usr/lib/x86_64-linux-gnu/root5.34/libMemStat.so" />
			<Add library="/usr/lib/x86_64-linux-gnu/root5.34/libminicern.so" />
			<Add library="/usr/lib/x86_64-linux-gnu/root5.34/libMinuit.so" />
			<Add library="/usr/lib/x86_64-linux-gnu/root5.34/libMinuit2.so" />
			<Add library="/usr/lib/x86_64-linux-gnu/root5.34/libMLP.so" />
			<Add library="/usr/lib/x86_64-linux-gnu/root5.34/libmultimap2Dict.so" />
			<Add library="/usr/lib/x86_64-linux-gnu/root5.34/libmultimapDict.so" />
			<Add library="/usr/lib/x86_64-linux-gnu/root5.34/libmultisetDict.so" />
			<Add library="/usr/lib/x86_64-linux-gnu/root5.34/libNet.so" />
			<Add library="/usr/lib/x86_64-linux-gnu/root5.34/libNew.so" />
			<Add library="/usr/lib/x86_64-linux-gnu/root5.34/libPhysics.so" />
			<Add library="/usr/lib/x86_64-linux-gnu/root5.34/libPostscript.so" />
			<Add library="/usr/lib/x86_64-linux-gnu/root5.34/libProof.so" />
			<Add library="/usr/lib/x86_64-linux-gnu/root5.34/libProofDraw.so" />
			<Add library="/usr/lib/x86_64-linux-gnu/root5.34/libProofPlayer.so" />
			<Add library="/usr/lib/x86_64-linux-gnu/root5.34/libQtGSI.so" />
			<Add library="/usr/lib/x86_64-linux-gnu/root5.34/libQtRoot.so" />
			<Add library="/usr/lib/x86_64-linux-gnu/root5.34/libQuadp.so" />
			<Add library="/usr/lib/x86_64-linux-gnu/root5.34/libReflex.so" />
			<Add library="/usr/lib/x86_64-linux-gnu/root5.34/libReflexDict.so" />
			<Add library="/usr/lib/x86_64-linux-gnu/root5.34/libRGL.so" />
			<Add library="/usr/lib/x86_64-linux-gnu/root5.34/libRint.so" />
			<Add library="/usr/lib/x86_64-linux-gnu/root5.34/libRIO.so" />
			<Add library="/usr/lib/x86_64-linux-gnu/root5.34/libRLDAP.so" />
			<Add library="/usr/lib/x86_64-linux-gnu/root5.34/libRODBC.so" />
			<Add library="/usr/lib/x86_64-linux-gnu/root5.34/libRootAuth.so" />
			<Add library="/usr/lib/x86_64-linux-gnu/root5.34/libSessionViewer.so" />
			<Add library="/usr/lib/x86_64-linux-gnu/root5.34/libsetDict.so" />
			<Add library="/usr/lib/x86_64-linux-gnu/root5.34/libSmatrix.so" />
			<Add library="/usr/lib/x86_64-linux-gnu/root5.34/libSpectrum.so" />
			<Add library="/usr/lib/x86_64-linux-gnu/root5.34/libSpectrumPainter.so" />
			<Add library="/usr/lib/x86_64-linux-gnu/root5.34/libSPlot.so" />
			<Add library="/usr/lib/x86_64-linux-gnu/root5.34/libSQLIO.so" />
			<Add library="/usr/lib/x86_64-linux-gnu/root5.34/libSrvAuth.so" />
			<Add library="/usr/lib/x86_64-linux-gnu/root5.34/libTable.so" />
			<Add library="/usr/lib/x86_64-linux-gnu/root5.34/libThread.so" />
			<Add library="/usr/lib/x86_64-linux-gnu/root5.34/libTMVA.so" />
			<Add library="/usr/lib/x86_64-linux-gnu/root5.34/libTree.so" />
			<Add library="/usr/lib/x86_64-linux-gnu/root5.34/libTreePlayer.so" />
			<Add library="/usr/lib/x86_64-linux-gnu/root5.34/libTreeViewer.so" />
			<Add library="/usr/lib/x86_64-linux-gnu/root5.34/libUnuran.so" />
			<Add library="/usr/lib/x86_64-linux-gnu/root5.34/libvalarrayDict.so" />
			<Add library="/usr/lib/x86_64-linux-gnu/root5.34/libvectorDict.so" />
			<Add library="/usr/lib/x86_64-linux-gnu/root5.34/libVMC.so" />
			<Add library="/usr/lib/x86_64-linux-gnu/root5.34/libX3d.so" />
			<Add library="/usr/lib/x86_64-linux-gnu/root5.34/libXMLIO.so" />
			<Add library="/usr/lib/x86_64-linux-gnu/root5.34/libXMLParser.so" />
		</Linker>
		<Unit filename="dft2-filter.cpp" />
		<Unit filename="stdafx.h" />
		<Extensions>
			<code_completion />
			<debugger />
		</Extensions>
	</Project>
</CodeBlocks_project_file>
